
Microsoft Visual Studio Solution File, Format Version 12.00
# Visual Studio Version 17
VisualStudioVersion = 17.3.32901.215
MinimumVisualStudioVersion = 10.0.40219.1
Project("{FAE04EC0-301F-11D3-BF4B-00C04F79EFBC}") = "TE_CodeFirst", "TE_CodeFirst.csproj", "{30ED7973-64F1-47F0-9AFF-6996773A751C}"
EndProject
Global
	GlobalSection(SolutionConfigurationPlatforms) = preSolution
		Debug|Any CPU = Debug|Any CPU
		Release|Any CPU = Release|Any CPU
	EndGlobalSection
	GlobalSection(ProjectConfigurationPlatforms) = postSolution
		{30ED7973-64F1-47F0-9AFF-6996773A751C}.Debug|Any CPU.ActiveCfg = Debug|Any CPU
		{30ED7973-64F1-47F0-9AFF-6996773A751C}.Debug|Any CPU.Build.0 = Debug|Any CPU
		{30ED7973-64F1-47F0-9AFF-6996773A751C}.Release|Any CPU.ActiveCfg = Release|Any CPU
		{30ED7973-64F1-47F0-9AFF-6996773A751C}.Release|Any CPU.Build.0 = Release|Any CPU
	EndGlobalSection
	GlobalSection(SolutionProperties) = preSolution
		HideSolutionNode = FALSE
	EndGlobalSection
	GlobalSection(ExtensibilityGlobals) = postSolution
		SolutionGuid = {6C9D960F-5587-4CD8-81B0-8DF79F2C5D3B}
	EndGlobalSection
EndGlobal
